
Microsoft Visual Studio Solution File, Format Version 12.00
# Visual Studio 2013
VisualStudioVersion = 12.0.21005.1
MinimumVisualStudioVersion = 10.0.40219.1
Project("{8BC9CEB8-8B4A-11D0-8D11-00A0C91BC942}") = "server", "server\server.vcxproj", "{5EB82752-5ACB-408C-AAFD-9CECDFCD9C89}"
EndProject
Project("{8BC9CEB8-8B4A-11D0-8D11-00A0C91BC942}") = "util", "util\util.vcxproj", "{7F5E2AF9-8A0E-4E82-BC06-EC9DE252F439}"
EndProject
Project("{8BC9CEB8-8B4A-11D0-8D11-00A0C91BC942}") = "client", "client\client.vcxproj", "{3A1428A1-463C-44FD-B1AF-E03FC55FE368}"
EndProject
Project("{2150E333-8FDC-42A3-9474-1A3956D46DE8}") = "Bullet", "Bullet", "{B5AE8053-C86C-4BB9-B61F-72339A892B6A}"
EndProject
Project("{8BC9CEB8-8B4A-11D0-8D11-00A0C91BC942}") = "BulletCollision", "C:\workarea\bullet3-2.83.7\build3\vs2010\BulletCollision.vcxproj", "{59E07962-D728-454F-B5D1-3F819D0BDA7B}"
EndProject
Project("{8BC9CEB8-8B4A-11D0-8D11-00A0C91BC942}") = "BulletDynamics", "C:\workarea\bullet3-2.83.7\build3\vs2010\BulletDynamics.vcxproj", "{DCFE7723-6742-DF40-AE67-FA84D5672C78}"
EndProject
Project("{8BC9CEB8-8B4A-11D0-8D11-00A0C91BC942}") = "BulletInverseDynamics", "C:\workarea\bullet3-2.83.7\build3\vs2010\BulletInverseDynamics.vcxproj", "{4C6BCBBC-40E8-0049-B4CC-7EFD3AB24C63}"
EndProject
Project("{8BC9CEB8-8B4A-11D0-8D11-00A0C91BC942}") = "BulletInverseDynamicsUtils", "C:\workarea\bullet3-2.83.7\build3\vs2010\BulletInverseDynamicsUtils.vcxproj", "{79FF2CC1-F77B-6541-9DD4-3157FB5F0DF3}"
EndProject
Project("{8BC9CEB8-8B4A-11D0-8D11-00A0C91BC942}") = "BulletSoftBody", "C:\workarea\bullet3-2.83.7\build3\vs2010\BulletSoftBody.vcxproj", "{575DFB59-E639-F94A-B7AD-73D6FC104BDE}"
EndProject
Project("{8BC9CEB8-8B4A-11D0-8D11-00A0C91BC942}") = "gwen", "C:\workarea\bullet3-2.83.7\build3\vs2010\gwen.vcxproj", "{B26F8837-5499-0245-A5D4-499931847C4B}"
EndProject
Project("{8BC9CEB8-8B4A-11D0-8D11-00A0C91BC942}") = "LinearMath", "C:\workarea\bullet3-2.83.7\build3\vs2010\LinearMath.vcxproj", "{19993C3E-4A48-4C43-8704-FEF6D7D8A48B}"
EndProject
Project("{8BC9CEB8-8B4A-11D0-8D11-00A0C91BC942}") = "OpenGL_Window", "C:\workarea\bullet3-2.83.7\build3\vs2010\OpenGL_Window.vcxproj", "{2B138048-1A7D-6C48-AA50-D13AC691263E}"
EndProject
Project("{8BC9CEB8-8B4A-11D0-8D11-00A0C91BC942}") = "Bullet3Common", "C:\workarea\bullet3-2.83.7\build3\vs2010\Bullet3Common.vcxproj", "{A88D80C0-C8B5-8C4D-BE49-C1F1E4B43FAF}"
EndProject
Project("{8BC9CEB8-8B4A-11D0-8D11-00A0C91BC942}") = "Bullet3OpenCL_clew", "C:\workarea\bullet3-2.83.7\build3\vs2010\Bullet3OpenCL_clew.vcxproj", "{FA20B676-C5CE-0B42-9824-28F59F25CAF8}"
EndProject
Project("{8BC9CEB8-8B4A-11D0-8D11-00A0C91BC942}") = "Bullet3Dynamics", "C:\workarea\bullet3-2.83.7\build3\vs2010\Bullet3Dynamics.vcxproj", "{0619C8A8-6628-D644-AA0A-A89ABB977F2D}"
EndProject
Project("{8BC9CEB8-8B4A-11D0-8D11-00A0C91BC942}") = "Bullet3Collision", "C:\workarea\bullet3-2.83.7\build3\vs2010\Bullet3Collision.vcxproj", "{F9430B12-F0D4-4C44-8AA9-F7449CED3075}"
EndProject
Project("{8BC9CEB8-8B4A-11D0-8D11-00A0C91BC942}") = "Bullet3Geometry", "C:\workarea\bullet3-2.83.7\build3\vs2010\Bullet3Geometry.vcxproj", "{4F47F013-3B36-7545-80CA-04D29396D3DE}"
EndProject
Project("{8BC9CEB8-8B4A-11D0-8D11-00A0C91BC942}") = "App_BasicExample", "C:\workarea\bullet3-2.83.7\build3\vs2010\App_BasicExample.vcxproj", "{034CFB68-6459-DA4A-8BB3-FF0E6F6C5A33}"
EndProject
Project("{8BC9CEB8-8B4A-11D0-8D11-00A0C91BC942}") = "App_HelloWorld", "C:\workarea\bullet3-2.83.7\build3\vs2010\App_HelloWorld.vcxproj", "{E82B379A-7BC0-0341-B3BB-1886F3B8573E}"
EndProject
Project("{8BC9CEB8-8B4A-11D0-8D11-00A0C91BC942}") = "App_ExampleBrowser", "C:\workarea\bullet3-2.83.7\build3\vs2010\App_ExampleBrowser.vcxproj", "{FE9437EA-5B82-BC49-B649-ED321393B7B2}"
EndProject
Project("{2150E333-8FDC-42A3-9474-1A3956D46DE8}") = "Protobufs", "Protobufs", "{277BCE53-F5C6-459A-A9D3-60E95E1D399B}"
EndProject
Project("{8BC9CEB8-8B4A-11D0-8D11-00A0C91BC942}") = "libprotobuf", "..\..\..\..\..\workarea\protobuf-2.6.1\vsprojects\libprotobuf.vcxproj", "{3E283F37-A4ED-41B7-A3E6-A2D89D131A30}"
EndProject
Project("{8BC9CEB8-8B4A-11D0-8D11-00A0C91BC942}") = "libprotoc", "..\..\..\..\..\workarea\protobuf-2.6.1\vsprojects\libprotoc.vcxproj", "{B84FF31A-5F9A-46F8-AB22-DBFC9BECE3BE}"
EndProject
Project("{8BC9CEB8-8B4A-11D0-8D11-00A0C91BC942}") = "protoc", "..\..\..\..\..\workarea\protobuf-2.6.1\vsprojects\protoc.vcxproj", "{1738D5F6-ED1E-47E0-B2F0-456864B93C1E}"
EndProject
Global
	GlobalSection(SolutionConfigurationPlatforms) = preSolution
		Debug|Win32 = Debug|Win32
		Debug|x64 = Debug|x64
		MinSizeRel|Win32 = MinSizeRel|Win32
		MinSizeRel|x64 = MinSizeRel|x64
		Release|Win32 = Release|Win32
		Release|x64 = Release|x64
		RelWithDebInfo|Win32 = RelWithDebInfo|Win32
		RelWithDebInfo|x64 = RelWithDebInfo|x64
	EndGlobalSection
	GlobalSection(ProjectConfigurationPlatforms) = postSolution
		{5EB82752-5ACB-408C-AAFD-9CECDFCD9C89}.Debug|Win32.ActiveCfg = Debug|Win32
		{5EB82752-5ACB-408C-AAFD-9CECDFCD9C89}.Debug|Win32.Build.0 = Debug|Win32
		{5EB82752-5ACB-408C-AAFD-9CECDFCD9C89}.Debug|x64.ActiveCfg = Debug|Win32
		{5EB82752-5ACB-408C-AAFD-9CECDFCD9C89}.MinSizeRel|Win32.ActiveCfg = Release|Win32
		{5EB82752-5ACB-408C-AAFD-9CECDFCD9C89}.MinSizeRel|Win32.Build.0 = Release|Win32
		{5EB82752-5ACB-408C-AAFD-9CECDFCD9C89}.MinSizeRel|x64.ActiveCfg = Release|Win32
		{5EB82752-5ACB-408C-AAFD-9CECDFCD9C89}.Release|Win32.ActiveCfg = Release|Win32
		{5EB82752-5ACB-408C-AAFD-9CECDFCD9C89}.Release|Win32.Build.0 = Release|Win32
		{5EB82752-5ACB-408C-AAFD-9CECDFCD9C89}.Release|x64.ActiveCfg = Release|Win32
		{5EB82752-5ACB-408C-AAFD-9CECDFCD9C89}.RelWithDebInfo|Win32.ActiveCfg = Release|Win32
		{5EB82752-5ACB-408C-AAFD-9CECDFCD9C89}.RelWithDebInfo|Win32.Build.0 = Release|Win32
		{5EB82752-5ACB-408C-AAFD-9CECDFCD9C89}.RelWithDebInfo|x64.ActiveCfg = Release|Win32
		{7F5E2AF9-8A0E-4E82-BC06-EC9DE252F439}.Debug|Win32.ActiveCfg = Debug|Win32
		{7F5E2AF9-8A0E-4E82-BC06-EC9DE252F439}.Debug|Win32.Build.0 = Debug|Win32
		{7F5E2AF9-8A0E-4E82-BC06-EC9DE252F439}.Debug|x64.ActiveCfg = Debug|Win32
		{7F5E2AF9-8A0E-4E82-BC06-EC9DE252F439}.MinSizeRel|Win32.ActiveCfg = Release|Win32
		{7F5E2AF9-8A0E-4E82-BC06-EC9DE252F439}.MinSizeRel|Win32.Build.0 = Release|Win32
		{7F5E2AF9-8A0E-4E82-BC06-EC9DE252F439}.MinSizeRel|x64.ActiveCfg = Release|Win32
		{7F5E2AF9-8A0E-4E82-BC06-EC9DE252F439}.Release|Win32.ActiveCfg = Release|Win32
		{7F5E2AF9-8A0E-4E82-BC06-EC9DE252F439}.Release|Win32.Build.0 = Release|Win32
		{7F5E2AF9-8A0E-4E82-BC06-EC9DE252F439}.Release|x64.ActiveCfg = Release|Win32
		{7F5E2AF9-8A0E-4E82-BC06-EC9DE252F439}.RelWithDebInfo|Win32.ActiveCfg = Release|Win32
		{7F5E2AF9-8A0E-4E82-BC06-EC9DE252F439}.RelWithDebInfo|Win32.Build.0 = Release|Win32
		{7F5E2AF9-8A0E-4E82-BC06-EC9DE252F439}.RelWithDebInfo|x64.ActiveCfg = Release|Win32
		{3A1428A1-463C-44FD-B1AF-E03FC55FE368}.Debug|Win32.ActiveCfg = Debug|Win32
		{3A1428A1-463C-44FD-B1AF-E03FC55FE368}.Debug|Win32.Build.0 = Debug|Win32
		{3A1428A1-463C-44FD-B1AF-E03FC55FE368}.Debug|x64.ActiveCfg = Debug|Win32
		{3A1428A1-463C-44FD-B1AF-E03FC55FE368}.MinSizeRel|Win32.ActiveCfg = Release|Win32
		{3A1428A1-463C-44FD-B1AF-E03FC55FE368}.MinSizeRel|Win32.Build.0 = Release|Win32
		{3A1428A1-463C-44FD-B1AF-E03FC55FE368}.MinSizeRel|x64.ActiveCfg = Release|Win32
		{3A1428A1-463C-44FD-B1AF-E03FC55FE368}.Release|Win32.ActiveCfg = Release|Win32
		{3A1428A1-463C-44FD-B1AF-E03FC55FE368}.Release|Win32.Build.0 = Release|Win32
		{3A1428A1-463C-44FD-B1AF-E03FC55FE368}.Release|x64.ActiveCfg = Release|Win32
		{3A1428A1-463C-44FD-B1AF-E03FC55FE368}.RelWithDebInfo|Win32.ActiveCfg = Release|Win32
		{3A1428A1-463C-44FD-B1AF-E03FC55FE368}.RelWithDebInfo|Win32.Build.0 = Release|Win32
		{3A1428A1-463C-44FD-B1AF-E03FC55FE368}.RelWithDebInfo|x64.ActiveCfg = Release|Win32
		{59E07962-D728-454F-B5D1-3F819D0BDA7B}.Debug|Win32.ActiveCfg = Debug|Win32
		{59E07962-D728-454F-B5D1-3F819D0BDA7B}.Debug|Win32.Build.0 = Debug|Win32
		{59E07962-D728-454F-B5D1-3F819D0BDA7B}.Debug|x64.ActiveCfg = Debug|x64
		{59E07962-D728-454F-B5D1-3F819D0BDA7B}.Debug|x64.Build.0 = Debug|x64
		{59E07962-D728-454F-B5D1-3F819D0BDA7B}.MinSizeRel|Win32.ActiveCfg = Release|Win32
		{59E07962-D728-454F-B5D1-3F819D0BDA7B}.MinSizeRel|Win32.Build.0 = Release|Win32
		{59E07962-D728-454F-B5D1-3F819D0BDA7B}.MinSizeRel|x64.ActiveCfg = Release|x64
		{59E07962-D728-454F-B5D1-3F819D0BDA7B}.MinSizeRel|x64.Build.0 = Release|x64
		{59E07962-D728-454F-B5D1-3F819D0BDA7B}.Release|Win32.ActiveCfg = Release|Win32
		{59E07962-D728-454F-B5D1-3F819D0BDA7B}.Release|Win32.Build.0 = Release|Win32
		{59E07962-D728-454F-B5D1-3F819D0BDA7B}.Release|x64.ActiveCfg = Release|x64
		{59E07962-D728-454F-B5D1-3F819D0BDA7B}.Release|x64.Build.0 = Release|x64
		{59E07962-D728-454F-B5D1-3F819D0BDA7B}.RelWithDebInfo|Win32.ActiveCfg = Release|Win32
		{59E07962-D728-454F-B5D1-3F819D0BDA7B}.RelWithDebInfo|Win32.Build.0 = Release|Win32
		{59E07962-D728-454F-B5D1-3F819D0BDA7B}.RelWithDebInfo|x64.ActiveCfg = Release|x64
		{59E07962-D728-454F-B5D1-3F819D0BDA7B}.RelWithDebInfo|x64.Build.0 = Release|x64
		{DCFE7723-6742-DF40-AE67-FA84D5672C78}.Debug|Win32.ActiveCfg = Debug|Win32
		{DCFE7723-6742-DF40-AE67-FA84D5672C78}.Debug|Win32.Build.0 = Debug|Win32
		{DCFE7723-6742-DF40-AE67-FA84D5672C78}.Debug|x64.ActiveCfg = Debug|x64
		{DCFE7723-6742-DF40-AE67-FA84D5672C78}.Debug|x64.Build.0 = Debug|x64
		{DCFE7723-6742-DF40-AE67-FA84D5672C78}.MinSizeRel|Win32.ActiveCfg = Release|Win32
		{DCFE7723-6742-DF40-AE67-FA84D5672C78}.MinSizeRel|Win32.Build.0 = Release|Win32
		{DCFE7723-6742-DF40-AE67-FA84D5672C78}.MinSizeRel|x64.ActiveCfg = Release|x64
		{DCFE7723-6742-DF40-AE67-FA84D5672C78}.MinSizeRel|x64.Build.0 = Release|x64
		{DCFE7723-6742-DF40-AE67-FA84D5672C78}.Release|Win32.ActiveCfg = Release|Win32
		{DCFE7723-6742-DF40-AE67-FA84D5672C78}.Release|Win32.Build.0 = Release|Win32
		{DCFE7723-6742-DF40-AE67-FA84D5672C78}.Release|x64.ActiveCfg = Release|x64
		{DCFE7723-6742-DF40-AE67-FA84D5672C78}.Release|x64.Build.0 = Release|x64
		{DCFE7723-6742-DF40-AE67-FA84D5672C78}.RelWithDebInfo|Win32.ActiveCfg = Release|Win32
		{DCFE7723-6742-DF40-AE67-FA84D5672C78}.RelWithDebInfo|Win32.Build.0 = Release|Win32
		{DCFE7723-6742-DF40-AE67-FA84D5672C78}.RelWithDebInfo|x64.ActiveCfg = Release|x64
		{DCFE7723-6742-DF40-AE67-FA84D5672C78}.RelWithDebInfo|x64.Build.0 = Release|x64
		{4C6BCBBC-40E8-0049-B4CC-7EFD3AB24C63}.Debug|Win32.ActiveCfg = Debug|Win32
		{4C6BCBBC-40E8-0049-B4CC-7EFD3AB24C63}.Debug|Win32.Build.0 = Debug|Win32
		{4C6BCBBC-40E8-0049-B4CC-7EFD3AB24C63}.Debug|x64.ActiveCfg = Debug|x64
		{4C6BCBBC-40E8-0049-B4CC-7EFD3AB24C63}.Debug|x64.Build.0 = Debug|x64
		{4C6BCBBC-40E8-0049-B4CC-7EFD3AB24C63}.MinSizeRel|Win32.ActiveCfg = Release|Win32
		{4C6BCBBC-40E8-0049-B4CC-7EFD3AB24C63}.MinSizeRel|Win32.Build.0 = Release|Win32
		{4C6BCBBC-40E8-0049-B4CC-7EFD3AB24C63}.MinSizeRel|x64.ActiveCfg = Release|x64
		{4C6BCBBC-40E8-0049-B4CC-7EFD3AB24C63}.MinSizeRel|x64.Build.0 = Release|x64
		{4C6BCBBC-40E8-0049-B4CC-7EFD3AB24C63}.Release|Win32.ActiveCfg = Release|Win32
		{4C6BCBBC-40E8-0049-B4CC-7EFD3AB24C63}.Release|Win32.Build.0 = Release|Win32
		{4C6BCBBC-40E8-0049-B4CC-7EFD3AB24C63}.Release|x64.ActiveCfg = Release|x64
		{4C6BCBBC-40E8-0049-B4CC-7EFD3AB24C63}.Release|x64.Build.0 = Release|x64
		{4C6BCBBC-40E8-0049-B4CC-7EFD3AB24C63}.RelWithDebInfo|Win32.ActiveCfg = Release|Win32
		{4C6BCBBC-40E8-0049-B4CC-7EFD3AB24C63}.RelWithDebInfo|Win32.Build.0 = Release|Win32
		{4C6BCBBC-40E8-0049-B4CC-7EFD3AB24C63}.RelWithDebInfo|x64.ActiveCfg = Release|x64
		{4C6BCBBC-40E8-0049-B4CC-7EFD3AB24C63}.RelWithDebInfo|x64.Build.0 = Release|x64
		{79FF2CC1-F77B-6541-9DD4-3157FB5F0DF3}.Debug|Win32.ActiveCfg = Debug|Win32
		{79FF2CC1-F77B-6541-9DD4-3157FB5F0DF3}.Debug|Win32.Build.0 = Debug|Win32
		{79FF2CC1-F77B-6541-9DD4-3157FB5F0DF3}.Debug|x64.ActiveCfg = Debug|x64
		{79FF2CC1-F77B-6541-9DD4-3157FB5F0DF3}.Debug|x64.Build.0 = Debug|x64
		{79FF2CC1-F77B-6541-9DD4-3157FB5F0DF3}.MinSizeRel|Win32.ActiveCfg = Release|Win32
		{79FF2CC1-F77B-6541-9DD4-3157FB5F0DF3}.MinSizeRel|Win32.Build.0 = Release|Win32
		{79FF2CC1-F77B-6541-9DD4-3157FB5F0DF3}.MinSizeRel|x64.ActiveCfg = Release|x64
		{79FF2CC1-F77B-6541-9DD4-3157FB5F0DF3}.MinSizeRel|x64.Build.0 = Release|x64
		{79FF2CC1-F77B-6541-9DD4-3157FB5F0DF3}.Release|Win32.ActiveCfg = Release|Win32
		{79FF2CC1-F77B-6541-9DD4-3157FB5F0DF3}.Release|Win32.Build.0 = Release|Win32
		{79FF2CC1-F77B-6541-9DD4-3157FB5F0DF3}.Release|x64.ActiveCfg = Release|x64
		{79FF2CC1-F77B-6541-9DD4-3157FB5F0DF3}.Release|x64.Build.0 = Release|x64
		{79FF2CC1-F77B-6541-9DD4-3157FB5F0DF3}.RelWithDebInfo|Win32.ActiveCfg = Release|Win32
		{79FF2CC1-F77B-6541-9DD4-3157FB5F0DF3}.RelWithDebInfo|Win32.Build.0 = Release|Win32
		{79FF2CC1-F77B-6541-9DD4-3157FB5F0DF3}.RelWithDebInfo|x64.ActiveCfg = Release|x64
		{79FF2CC1-F77B-6541-9DD4-3157FB5F0DF3}.RelWithDebInfo|x64.Build.0 = Release|x64
		{575DFB59-E639-F94A-B7AD-73D6FC104BDE}.Debug|Win32.ActiveCfg = Debug|Win32
		{575DFB59-E639-F94A-B7AD-73D6FC104BDE}.Debug|Win32.Build.0 = Debug|Win32
		{575DFB59-E639-F94A-B7AD-73D6FC104BDE}.Debug|x64.ActiveCfg = Debug|x64
		{575DFB59-E639-F94A-B7AD-73D6FC104BDE}.Debug|x64.Build.0 = Debug|x64
		{575DFB59-E639-F94A-B7AD-73D6FC104BDE}.MinSizeRel|Win32.ActiveCfg = Release|Win32
		{575DFB59-E639-F94A-B7AD-73D6FC104BDE}.MinSizeRel|Win32.Build.0 = Release|Win32
		{575DFB59-E639-F94A-B7AD-73D6FC104BDE}.MinSizeRel|x64.ActiveCfg = Release|x64
		{575DFB59-E639-F94A-B7AD-73D6FC104BDE}.MinSizeRel|x64.Build.0 = Release|x64
		{575DFB59-E639-F94A-B7AD-73D6FC104BDE}.Release|Win32.ActiveCfg = Release|Win32
		{575DFB59-E639-F94A-B7AD-73D6FC104BDE}.Release|Win32.Build.0 = Release|Win32
		{575DFB59-E639-F94A-B7AD-73D6FC104BDE}.Release|x64.ActiveCfg = Release|x64
		{575DFB59-E639-F94A-B7AD-73D6FC104BDE}.Release|x64.Build.0 = Release|x64
		{575DFB59-E639-F94A-B7AD-73D6FC104BDE}.RelWithDebInfo|Win32.ActiveCfg = Release|Win32
		{575DFB59-E639-F94A-B7AD-73D6FC104BDE}.RelWithDebInfo|Win32.Build.0 = Release|Win32
		{575DFB59-E639-F94A-B7AD-73D6FC104BDE}.RelWithDebInfo|x64.ActiveCfg = Release|x64
		{575DFB59-E639-F94A-B7AD-73D6FC104BDE}.RelWithDebInfo|x64.Build.0 = Release|x64
		{B26F8837-5499-0245-A5D4-499931847C4B}.Debug|Win32.ActiveCfg = Debug|Win32
		{B26F8837-5499-0245-A5D4-499931847C4B}.Debug|Win32.Build.0 = Debug|Win32
		{B26F8837-5499-0245-A5D4-499931847C4B}.Debug|x64.ActiveCfg = Debug|x64
		{B26F8837-5499-0245-A5D4-499931847C4B}.Debug|x64.Build.0 = Debug|x64
		{B26F8837-5499-0245-A5D4-499931847C4B}.MinSizeRel|Win32.ActiveCfg = Release|Win32
		{B26F8837-5499-0245-A5D4-499931847C4B}.MinSizeRel|Win32.Build.0 = Release|Win32
		{B26F8837-5499-0245-A5D4-499931847C4B}.MinSizeRel|x64.ActiveCfg = Release|x64
		{B26F8837-5499-0245-A5D4-499931847C4B}.MinSizeRel|x64.Build.0 = Release|x64
		{B26F8837-5499-0245-A5D4-499931847C4B}.Release|Win32.ActiveCfg = Release|Win32
		{B26F8837-5499-0245-A5D4-499931847C4B}.Release|Win32.Build.0 = Release|Win32
		{B26F8837-5499-0245-A5D4-499931847C4B}.Release|x64.ActiveCfg = Release|x64
		{B26F8837-5499-0245-A5D4-499931847C4B}.Release|x64.Build.0 = Release|x64
		{B26F8837-5499-0245-A5D4-499931847C4B}.RelWithDebInfo|Win32.ActiveCfg = Release|Win32
		{B26F8837-5499-0245-A5D4-499931847C4B}.RelWithDebInfo|Win32.Build.0 = Release|Win32
		{B26F8837-5499-0245-A5D4-499931847C4B}.RelWithDebInfo|x64.ActiveCfg = Release|x64
		{B26F8837-5499-0245-A5D4-499931847C4B}.RelWithDebInfo|x64.Build.0 = Release|x64
		{19993C3E-4A48-4C43-8704-FEF6D7D8A48B}.Debug|Win32.ActiveCfg = Debug|Win32
		{19993C3E-4A48-4C43-8704-FEF6D7D8A48B}.Debug|Win32.Build.0 = Debug|Win32
		{19993C3E-4A48-4C43-8704-FEF6D7D8A48B}.Debug|x64.ActiveCfg = Debug|x64
		{19993C3E-4A48-4C43-8704-FEF6D7D8A48B}.Debug|x64.Build.0 = Debug|x64
		{19993C3E-4A48-4C43-8704-FEF6D7D8A48B}.MinSizeRel|Win32.ActiveCfg = Release|Win32
		{19993C3E-4A48-4C43-8704-FEF6D7D8A48B}.MinSizeRel|Win32.Build.0 = Release|Win32
		{19993C3E-4A48-4C43-8704-FEF6D7D8A48B}.MinSizeRel|x64.ActiveCfg = Release|x64
		{19993C3E-4A48-4C43-8704-FEF6D7D8A48B}.MinSizeRel|x64.Build.0 = Release|x64
		{19993C3E-4A48-4C43-8704-FEF6D7D8A48B}.Release|Win32.ActiveCfg = Release|Win32
		{19993C3E-4A48-4C43-8704-FEF6D7D8A48B}.Release|Win32.Build.0 = Release|Win32
		{19993C3E-4A48-4C43-8704-FEF6D7D8A48B}.Release|x64.ActiveCfg = Release|x64
		{19993C3E-4A48-4C43-8704-FEF6D7D8A48B}.Release|x64.Build.0 = Release|x64
		{19993C3E-4A48-4C43-8704-FEF6D7D8A48B}.RelWithDebInfo|Win32.ActiveCfg = Release|Win32
		{19993C3E-4A48-4C43-8704-FEF6D7D8A48B}.RelWithDebInfo|Win32.Build.0 = Release|Win32
		{19993C3E-4A48-4C43-8704-FEF6D7D8A48B}.RelWithDebInfo|x64.ActiveCfg = Release|x64
		{19993C3E-4A48-4C43-8704-FEF6D7D8A48B}.RelWithDebInfo|x64.Build.0 = Release|x64
		{2B138048-1A7D-6C48-AA50-D13AC691263E}.Debug|Win32.ActiveCfg = Debug|Win32
		{2B138048-1A7D-6C48-AA50-D13AC691263E}.Debug|Win32.Build.0 = Debug|Win32
		{2B138048-1A7D-6C48-AA50-D13AC691263E}.Debug|x64.ActiveCfg = Debug|x64
		{2B138048-1A7D-6C48-AA50-D13AC691263E}.Debug|x64.Build.0 = Debug|x64
		{2B138048-1A7D-6C48-AA50-D13AC691263E}.MinSizeRel|Win32.ActiveCfg = Release|Win32
		{2B138048-1A7D-6C48-AA50-D13AC691263E}.MinSizeRel|Win32.Build.0 = Release|Win32
		{2B138048-1A7D-6C48-AA50-D13AC691263E}.MinSizeRel|x64.ActiveCfg = Release|x64
		{2B138048-1A7D-6C48-AA50-D13AC691263E}.MinSizeRel|x64.Build.0 = Release|x64
		{2B138048-1A7D-6C48-AA50-D13AC691263E}.Release|Win32.ActiveCfg = Release|Win32
		{2B138048-1A7D-6C48-AA50-D13AC691263E}.Release|Win32.Build.0 = Release|Win32
		{2B138048-1A7D-6C48-AA50-D13AC691263E}.Release|x64.ActiveCfg = Release|x64
		{2B138048-1A7D-6C48-AA50-D13AC691263E}.Release|x64.Build.0 = Release|x64
		{2B138048-1A7D-6C48-AA50-D13AC691263E}.RelWithDebInfo|Win32.ActiveCfg = Release|Win32
		{2B138048-1A7D-6C48-AA50-D13AC691263E}.RelWithDebInfo|Win32.Build.0 = Release|Win32
		{2B138048-1A7D-6C48-AA50-D13AC691263E}.RelWithDebInfo|x64.ActiveCfg = Release|x64
		{2B138048-1A7D-6C48-AA50-D13AC691263E}.RelWithDebInfo|x64.Build.0 = Release|x64
		{A88D80C0-C8B5-8C4D-BE49-C1F1E4B43FAF}.Debug|Win32.ActiveCfg = Debug|Win32
		{A88D80C0-C8B5-8C4D-BE49-C1F1E4B43FAF}.Debug|Win32.Build.0 = Debug|Win32
		{A88D80C0-C8B5-8C4D-BE49-C1F1E4B43FAF}.Debug|x64.ActiveCfg = Debug|x64
		{A88D80C0-C8B5-8C4D-BE49-C1F1E4B43FAF}.Debug|x64.Build.0 = Debug|x64
		{A88D80C0-C8B5-8C4D-BE49-C1F1E4B43FAF}.MinSizeRel|Win32.ActiveCfg = Release|Win32
		{A88D80C0-C8B5-8C4D-BE49-C1F1E4B43FAF}.MinSizeRel|Win32.Build.0 = Release|Win32
		{A88D80C0-C8B5-8C4D-BE49-C1F1E4B43FAF}.MinSizeRel|x64.ActiveCfg = Release|x64
		{A88D80C0-C8B5-8C4D-BE49-C1F1E4B43FAF}.MinSizeRel|x64.Build.0 = Release|x64
		{A88D80C0-C8B5-8C4D-BE49-C1F1E4B43FAF}.Release|Win32.ActiveCfg = Release|Win32
		{A88D80C0-C8B5-8C4D-BE49-C1F1E4B43FAF}.Release|Win32.Build.0 = Release|Win32
		{A88D80C0-C8B5-8C4D-BE49-C1F1E4B43FAF}.Release|x64.ActiveCfg = Release|x64
		{A88D80C0-C8B5-8C4D-BE49-C1F1E4B43FAF}.Release|x64.Build.0 = Release|x64
		{A88D80C0-C8B5-8C4D-BE49-C1F1E4B43FAF}.RelWithDebInfo|Win32.ActiveCfg = Release|Win32
		{A88D80C0-C8B5-8C4D-BE49-C1F1E4B43FAF}.RelWithDebInfo|Win32.Build.0 = Release|Win32
		{A88D80C0-C8B5-8C4D-BE49-C1F1E4B43FAF}.RelWithDebInfo|x64.ActiveCfg = Release|x64
		{A88D80C0-C8B5-8C4D-BE49-C1F1E4B43FAF}.RelWithDebInfo|x64.Build.0 = Release|x64
		{FA20B676-C5CE-0B42-9824-28F59F25CAF8}.Debug|Win32.ActiveCfg = Debug|Win32
		{FA20B676-C5CE-0B42-9824-28F59F25CAF8}.Debug|Win32.Build.0 = Debug|Win32
		{FA20B676-C5CE-0B42-9824-28F59F25CAF8}.Debug|x64.ActiveCfg = Debug|x64
		{FA20B676-C5CE-0B42-9824-28F59F25CAF8}.Debug|x64.Build.0 = Debug|x64
		{FA20B676-C5CE-0B42-9824-28F59F25CAF8}.MinSizeRel|Win32.ActiveCfg = Release|Win32
		{FA20B676-C5CE-0B42-9824-28F59F25CAF8}.MinSizeRel|Win32.Build.0 = Release|Win32
		{FA20B676-C5CE-0B42-9824-28F59F25CAF8}.MinSizeRel|x64.ActiveCfg = Release|x64
		{FA20B676-C5CE-0B42-9824-28F59F25CAF8}.MinSizeRel|x64.Build.0 = Release|x64
		{FA20B676-C5CE-0B42-9824-28F59F25CAF8}.Release|Win32.ActiveCfg = Release|Win32
		{FA20B676-C5CE-0B42-9824-28F59F25CAF8}.Release|Win32.Build.0 = Release|Win32
		{FA20B676-C5CE-0B42-9824-28F59F25CAF8}.Release|x64.ActiveCfg = Release|x64
		{FA20B676-C5CE-0B42-9824-28F59F25CAF8}.Release|x64.Build.0 = Release|x64
		{FA20B676-C5CE-0B42-9824-28F59F25CAF8}.RelWithDebInfo|Win32.ActiveCfg = Release|Win32
		{FA20B676-C5CE-0B42-9824-28F59F25CAF8}.RelWithDebInfo|Win32.Build.0 = Release|Win32
		{FA20B676-C5CE-0B42-9824-28F59F25CAF8}.RelWithDebInfo|x64.ActiveCfg = Release|x64
		{FA20B676-C5CE-0B42-9824-28F59F25CAF8}.RelWithDebInfo|x64.Build.0 = Release|x64
		{0619C8A8-6628-D644-AA0A-A89ABB977F2D}.Debug|Win32.ActiveCfg = Debug|Win32
		{0619C8A8-6628-D644-AA0A-A89ABB977F2D}.Debug|Win32.Build.0 = Debug|Win32
		{0619C8A8-6628-D644-AA0A-A89ABB977F2D}.Debug|x64.ActiveCfg = Debug|x64
		{0619C8A8-6628-D644-AA0A-A89ABB977F2D}.Debug|x64.Build.0 = Debug|x64
		{0619C8A8-6628-D644-AA0A-A89ABB977F2D}.MinSizeRel|Win32.ActiveCfg = Release|Win32
		{0619C8A8-6628-D644-AA0A-A89ABB977F2D}.MinSizeRel|Win32.Build.0 = Release|Win32
		{0619C8A8-6628-D644-AA0A-A89ABB977F2D}.MinSizeRel|x64.ActiveCfg = Release|x64
		{0619C8A8-6628-D644-AA0A-A89ABB977F2D}.MinSizeRel|x64.Build.0 = Release|x64
		{0619C8A8-6628-D644-AA0A-A89ABB977F2D}.Release|Win32.ActiveCfg = Release|Win32
		{0619C8A8-6628-D644-AA0A-A89ABB977F2D}.Release|Win32.Build.0 = Release|Win32
		{0619C8A8-6628-D644-AA0A-A89ABB977F2D}.Release|x64.ActiveCfg = Release|x64
		{0619C8A8-6628-D644-AA0A-A89ABB977F2D}.Release|x64.Build.0 = Release|x64
		{0619C8A8-6628-D644-AA0A-A89ABB977F2D}.RelWithDebInfo|Win32.ActiveCfg = Release|Win32
		{0619C8A8-6628-D644-AA0A-A89ABB977F2D}.RelWithDebInfo|Win32.Build.0 = Release|Win32
		{0619C8A8-6628-D644-AA0A-A89ABB977F2D}.RelWithDebInfo|x64.ActiveCfg = Release|x64
		{0619C8A8-6628-D644-AA0A-A89ABB977F2D}.RelWithDebInfo|x64.Build.0 = Release|x64
		{F9430B12-F0D4-4C44-8AA9-F7449CED3075}.Debug|Win32.ActiveCfg = Debug|Win32
		{F9430B12-F0D4-4C44-8AA9-F7449CED3075}.Debug|Win32.Build.0 = Debug|Win32
		{F9430B12-F0D4-4C44-8AA9-F7449CED3075}.Debug|x64.ActiveCfg = Debug|x64
		{F9430B12-F0D4-4C44-8AA9-F7449CED3075}.Debug|x64.Build.0 = Debug|x64
		{F9430B12-F0D4-4C44-8AA9-F7449CED3075}.MinSizeRel|Win32.ActiveCfg = Release|Win32
		{F9430B12-F0D4-4C44-8AA9-F7449CED3075}.MinSizeRel|Win32.Build.0 = Release|Win32
		{F9430B12-F0D4-4C44-8AA9-F7449CED3075}.MinSizeRel|x64.ActiveCfg = Release|x64
		{F9430B12-F0D4-4C44-8AA9-F7449CED3075}.MinSizeRel|x64.Build.0 = Release|x64
		{F9430B12-F0D4-4C44-8AA9-F7449CED3075}.Release|Win32.ActiveCfg = Release|Win32
		{F9430B12-F0D4-4C44-8AA9-F7449CED3075}.Release|Win32.Build.0 = Release|Win32
		{F9430B12-F0D4-4C44-8AA9-F7449CED3075}.Release|x64.ActiveCfg = Release|x64
		{F9430B12-F0D4-4C44-8AA9-F7449CED3075}.Release|x64.Build.0 = Release|x64
		{F9430B12-F0D4-4C44-8AA9-F7449CED3075}.RelWithDebInfo|Win32.ActiveCfg = Release|Win32
		{F9430B12-F0D4-4C44-8AA9-F7449CED3075}.RelWithDebInfo|Win32.Build.0 = Release|Win32
		{F9430B12-F0D4-4C44-8AA9-F7449CED3075}.RelWithDebInfo|x64.ActiveCfg = Release|x64
		{F9430B12-F0D4-4C44-8AA9-F7449CED3075}.RelWithDebInfo|x64.Build.0 = Release|x64
		{4F47F013-3B36-7545-80CA-04D29396D3DE}.Debug|Win32.ActiveCfg = Debug|Win32
		{4F47F013-3B36-7545-80CA-04D29396D3DE}.Debug|Win32.Build.0 = Debug|Win32
		{4F47F013-3B36-7545-80CA-04D29396D3DE}.Debug|x64.ActiveCfg = Debug|x64
		{4F47F013-3B36-7545-80CA-04D29396D3DE}.Debug|x64.Build.0 = Debug|x64
		{4F47F013-3B36-7545-80CA-04D29396D3DE}.MinSizeRel|Win32.ActiveCfg = Release|Win32
		{4F47F013-3B36-7545-80CA-04D29396D3DE}.MinSizeRel|Win32.Build.0 = Release|Win32
		{4F47F013-3B36-7545-80CA-04D29396D3DE}.MinSizeRel|x64.ActiveCfg = Release|x64
		{4F47F013-3B36-7545-80CA-04D29396D3DE}.MinSizeRel|x64.Build.0 = Release|x64
		{4F47F013-3B36-7545-80CA-04D29396D3DE}.Release|Win32.ActiveCfg = Release|Win32
		{4F47F013-3B36-7545-80CA-04D29396D3DE}.Release|Win32.Build.0 = Release|Win32
		{4F47F013-3B36-7545-80CA-04D29396D3DE}.Release|x64.ActiveCfg = Release|x64
		{4F47F013-3B36-7545-80CA-04D29396D3DE}.Release|x64.Build.0 = Release|x64
		{4F47F013-3B36-7545-80CA-04D29396D3DE}.RelWithDebInfo|Win32.ActiveCfg = Release|Win32
		{4F47F013-3B36-7545-80CA-04D29396D3DE}.RelWithDebInfo|Win32.Build.0 = Release|Win32
		{4F47F013-3B36-7545-80CA-04D29396D3DE}.RelWithDebInfo|x64.ActiveCfg = Release|x64
		{4F47F013-3B36-7545-80CA-04D29396D3DE}.RelWithDebInfo|x64.Build.0 = Release|x64
		{034CFB68-6459-DA4A-8BB3-FF0E6F6C5A33}.Debug|Win32.ActiveCfg = Debug|Win32
		{034CFB68-6459-DA4A-8BB3-FF0E6F6C5A33}.Debug|Win32.Build.0 = Debug|Win32
		{034CFB68-6459-DA4A-8BB3-FF0E6F6C5A33}.Debug|x64.ActiveCfg = Debug|x64
		{034CFB68-6459-DA4A-8BB3-FF0E6F6C5A33}.Debug|x64.Build.0 = Debug|x64
		{034CFB68-6459-DA4A-8BB3-FF0E6F6C5A33}.MinSizeRel|Win32.ActiveCfg = Release|Win32
		{034CFB68-6459-DA4A-8BB3-FF0E6F6C5A33}.MinSizeRel|Win32.Build.0 = Release|Win32
		{034CFB68-6459-DA4A-8BB3-FF0E6F6C5A33}.MinSizeRel|x64.ActiveCfg = Release|x64
		{034CFB68-6459-DA4A-8BB3-FF0E6F6C5A33}.MinSizeRel|x64.Build.0 = Release|x64
		{034CFB68-6459-DA4A-8BB3-FF0E6F6C5A33}.Release|Win32.ActiveCfg = Release|Win32
		{034CFB68-6459-DA4A-8BB3-FF0E6F6C5A33}.Release|Win32.Build.0 = Release|Win32
		{034CFB68-6459-DA4A-8BB3-FF0E6F6C5A33}.Release|x64.ActiveCfg = Release|x64
		{034CFB68-6459-DA4A-8BB3-FF0E6F6C5A33}.Release|x64.Build.0 = Release|x64
		{034CFB68-6459-DA4A-8BB3-FF0E6F6C5A33}.RelWithDebInfo|Win32.ActiveCfg = Release|Win32
		{034CFB68-6459-DA4A-8BB3-FF0E6F6C5A33}.RelWithDebInfo|Win32.Build.0 = Release|Win32
		{034CFB68-6459-DA4A-8BB3-FF0E6F6C5A33}.RelWithDebInfo|x64.ActiveCfg = Release|x64
		{034CFB68-6459-DA4A-8BB3-FF0E6F6C5A33}.RelWithDebInfo|x64.Build.0 = Release|x64
		{E82B379A-7BC0-0341-B3BB-1886F3B8573E}.Debug|Win32.ActiveCfg = Debug|Win32
		{E82B379A-7BC0-0341-B3BB-1886F3B8573E}.Debug|Win32.Build.0 = Debug|Win32
		{E82B379A-7BC0-0341-B3BB-1886F3B8573E}.Debug|x64.ActiveCfg = Debug|x64
		{E82B379A-7BC0-0341-B3BB-1886F3B8573E}.Debug|x64.Build.0 = Debug|x64
		{E82B379A-7BC0-0341-B3BB-1886F3B8573E}.MinSizeRel|Win32.ActiveCfg = Release|Win32
		{E82B379A-7BC0-0341-B3BB-1886F3B8573E}.MinSizeRel|Win32.Build.0 = Release|Win32
		{E82B379A-7BC0-0341-B3BB-1886F3B8573E}.MinSizeRel|x64.ActiveCfg = Release|x64
		{E82B379A-7BC0-0341-B3BB-1886F3B8573E}.MinSizeRel|x64.Build.0 = Release|x64
		{E82B379A-7BC0-0341-B3BB-1886F3B8573E}.Release|Win32.ActiveCfg = Release|Win32
		{E82B379A-7BC0-0341-B3BB-1886F3B8573E}.Release|Win32.Build.0 = Release|Win32
		{E82B379A-7BC0-0341-B3BB-1886F3B8573E}.Release|x64.ActiveCfg = Release|x64
		{E82B379A-7BC0-0341-B3BB-1886F3B8573E}.Release|x64.Build.0 = Release|x64
		{E82B379A-7BC0-0341-B3BB-1886F3B8573E}.RelWithDebInfo|Win32.ActiveCfg = Release|Win32
		{E82B379A-7BC0-0341-B3BB-1886F3B8573E}.RelWithDebInfo|Win32.Build.0 = Release|Win32
		{E82B379A-7BC0-0341-B3BB-1886F3B8573E}.RelWithDebInfo|x64.ActiveCfg = Release|x64
		{E82B379A-7BC0-0341-B3BB-1886F3B8573E}.RelWithDebInfo|x64.Build.0 = Release|x64
		{FE9437EA-5B82-BC49-B649-ED321393B7B2}.Debug|Win32.ActiveCfg = Debug|Win32
		{FE9437EA-5B82-BC49-B649-ED321393B7B2}.Debug|Win32.Build.0 = Debug|Win32
		{FE9437EA-5B82-BC49-B649-ED321393B7B2}.Debug|x64.ActiveCfg = Debug|x64
		{FE9437EA-5B82-BC49-B649-ED321393B7B2}.Debug|x64.Build.0 = Debug|x64
		{FE9437EA-5B82-BC49-B649-ED321393B7B2}.MinSizeRel|Win32.ActiveCfg = Release|Win32
		{FE9437EA-5B82-BC49-B649-ED321393B7B2}.MinSizeRel|Win32.Build.0 = Release|Win32
		{FE9437EA-5B82-BC49-B649-ED321393B7B2}.MinSizeRel|x64.ActiveCfg = Release|x64
		{FE9437EA-5B82-BC49-B649-ED321393B7B2}.MinSizeRel|x64.Build.0 = Release|x64
		{FE9437EA-5B82-BC49-B649-ED321393B7B2}.Release|Win32.ActiveCfg = Release|Win32
		{FE9437EA-5B82-BC49-B649-ED321393B7B2}.Release|Win32.Build.0 = Release|Win32
		{FE9437EA-5B82-BC49-B649-ED321393B7B2}.Release|x64.ActiveCfg = Release|x64
		{FE9437EA-5B82-BC49-B649-ED321393B7B2}.Release|x64.Build.0 = Release|x64
		{FE9437EA-5B82-BC49-B649-ED321393B7B2}.RelWithDebInfo|Win32.ActiveCfg = Release|Win32
		{FE9437EA-5B82-BC49-B649-ED321393B7B2}.RelWithDebInfo|Win32.Build.0 = Release|Win32
		{FE9437EA-5B82-BC49-B649-ED321393B7B2}.RelWithDebInfo|x64.ActiveCfg = Release|x64
		{FE9437EA-5B82-BC49-B649-ED321393B7B2}.RelWithDebInfo|x64.Build.0 = Release|x64
		{3E283F37-A4ED-41B7-A3E6-A2D89D131A30}.Debug|Win32.ActiveCfg = Debug|Win32
		{3E283F37-A4ED-41B7-A3E6-A2D89D131A30}.Debug|Win32.Build.0 = Debug|Win32
		{3E283F37-A4ED-41B7-A3E6-A2D89D131A30}.Debug|x64.ActiveCfg = Debug|Win32
		{3E283F37-A4ED-41B7-A3E6-A2D89D131A30}.MinSizeRel|Win32.ActiveCfg = Release|Win32
		{3E283F37-A4ED-41B7-A3E6-A2D89D131A30}.MinSizeRel|Win32.Build.0 = Release|Win32
		{3E283F37-A4ED-41B7-A3E6-A2D89D131A30}.MinSizeRel|x64.ActiveCfg = Release|Win32
		{3E283F37-A4ED-41B7-A3E6-A2D89D131A30}.Release|Win32.ActiveCfg = Release|Win32
		{3E283F37-A4ED-41B7-A3E6-A2D89D131A30}.Release|Win32.Build.0 = Release|Win32
		{3E283F37-A4ED-41B7-A3E6-A2D89D131A30}.Release|x64.ActiveCfg = Release|Win32
		{3E283F37-A4ED-41B7-A3E6-A2D89D131A30}.RelWithDebInfo|Win32.ActiveCfg = Release|Win32
		{3E283F37-A4ED-41B7-A3E6-A2D89D131A30}.RelWithDebInfo|Win32.Build.0 = Release|Win32
		{3E283F37-A4ED-41B7-A3E6-A2D89D131A30}.RelWithDebInfo|x64.ActiveCfg = Release|Win32
		{B84FF31A-5F9A-46F8-AB22-DBFC9BECE3BE}.Debug|Win32.ActiveCfg = Debug|Win32
		{B84FF31A-5F9A-46F8-AB22-DBFC9BECE3BE}.Debug|Win32.Build.0 = Debug|Win32
		{B84FF31A-5F9A-46F8-AB22-DBFC9BECE3BE}.Debug|x64.ActiveCfg = Debug|Win32
		{B84FF31A-5F9A-46F8-AB22-DBFC9BECE3BE}.MinSizeRel|Win32.ActiveCfg = Release|Win32
		{B84FF31A-5F9A-46F8-AB22-DBFC9BECE3BE}.MinSizeRel|Win32.Build.0 = Release|Win32
		{B84FF31A-5F9A-46F8-AB22-DBFC9BECE3BE}.MinSizeRel|x64.ActiveCfg = Release|Win32
		{B84FF31A-5F9A-46F8-AB22-DBFC9BECE3BE}.Release|Win32.ActiveCfg = Release|Win32
		{B84FF31A-5F9A-46F8-AB22-DBFC9BECE3BE}.Release|Win32.Build.0 = Release|Win32
		{B84FF31A-5F9A-46F8-AB22-DBFC9BECE3BE}.Release|x64.ActiveCfg = Release|Win32
		{B84FF31A-5F9A-46F8-AB22-DBFC9BECE3BE}.RelWithDebInfo|Win32.ActiveCfg = Release|Win32
		{B84FF31A-5F9A-46F8-AB22-DBFC9BECE3BE}.RelWithDebInfo|Win32.Build.0 = Release|Win32
		{B84FF31A-5F9A-46F8-AB22-DBFC9BECE3BE}.RelWithDebInfo|x64.ActiveCfg = Release|Win32
		{1738D5F6-ED1E-47E0-B2F0-456864B93C1E}.Debug|Win32.ActiveCfg = Debug|Win32
		{1738D5F6-ED1E-47E0-B2F0-456864B93C1E}.Debug|Win32.Build.0 = Debug|Win32
		{1738D5F6-ED1E-47E0-B2F0-456864B93C1E}.Debug|x64.ActiveCfg = Debug|Win32
		{1738D5F6-ED1E-47E0-B2F0-456864B93C1E}.MinSizeRel|Win32.ActiveCfg = Release|Win32
		{1738D5F6-ED1E-47E0-B2F0-456864B93C1E}.MinSizeRel|Win32.Build.0 = Release|Win32
		{1738D5F6-ED1E-47E0-B2F0-456864B93C1E}.MinSizeRel|x64.ActiveCfg = Release|Win32
		{1738D5F6-ED1E-47E0-B2F0-456864B93C1E}.Release|Win32.ActiveCfg = Release|Win32
		{1738D5F6-ED1E-47E0-B2F0-456864B93C1E}.Release|Win32.Build.0 = Release|Win32
		{1738D5F6-ED1E-47E0-B2F0-456864B93C1E}.Release|x64.ActiveCfg = Release|Win32
		{1738D5F6-ED1E-47E0-B2F0-456864B93C1E}.RelWithDebInfo|Win32.ActiveCfg = Release|Win32
		{1738D5F6-ED1E-47E0-B2F0-456864B93C1E}.RelWithDebInfo|Win32.Build.0 = Release|Win32
		{1738D5F6-ED1E-47E0-B2F0-456864B93C1E}.RelWithDebInfo|x64.ActiveCfg = Release|Win32
	EndGlobalSection
	GlobalSection(SolutionProperties) = preSolution
		HideSolutionNode = FALSE
	EndGlobalSection
	GlobalSection(NestedProjects) = preSolution
		{59E07962-D728-454F-B5D1-3F819D0BDA7B} = {B5AE8053-C86C-4BB9-B61F-72339A892B6A}
		{DCFE7723-6742-DF40-AE67-FA84D5672C78} = {B5AE8053-C86C-4BB9-B61F-72339A892B6A}
		{4C6BCBBC-40E8-0049-B4CC-7EFD3AB24C63} = {B5AE8053-C86C-4BB9-B61F-72339A892B6A}
		{79FF2CC1-F77B-6541-9DD4-3157FB5F0DF3} = {B5AE8053-C86C-4BB9-B61F-72339A892B6A}
		{575DFB59-E639-F94A-B7AD-73D6FC104BDE} = {B5AE8053-C86C-4BB9-B61F-72339A892B6A}
		{B26F8837-5499-0245-A5D4-499931847C4B} = {B5AE8053-C86C-4BB9-B61F-72339A892B6A}
		{19993C3E-4A48-4C43-8704-FEF6D7D8A48B} = {B5AE8053-C86C-4BB9-B61F-72339A892B6A}
		{2B138048-1A7D-6C48-AA50-D13AC691263E} = {B5AE8053-C86C-4BB9-B61F-72339A892B6A}
		{A88D80C0-C8B5-8C4D-BE49-C1F1E4B43FAF} = {B5AE8053-C86C-4BB9-B61F-72339A892B6A}
		{FA20B676-C5CE-0B42-9824-28F59F25CAF8} = {B5AE8053-C86C-4BB9-B61F-72339A892B6A}
		{0619C8A8-6628-D644-AA0A-A89ABB977F2D} = {B5AE8053-C86C-4BB9-B61F-72339A892B6A}
		{F9430B12-F0D4-4C44-8AA9-F7449CED3075} = {B5AE8053-C86C-4BB9-B61F-72339A892B6A}
		{4F47F013-3B36-7545-80CA-04D29396D3DE} = {B5AE8053-C86C-4BB9-B61F-72339A892B6A}
		{034CFB68-6459-DA4A-8BB3-FF0E6F6C5A33} = {B5AE8053-C86C-4BB9-B61F-72339A892B6A}
		{E82B379A-7BC0-0341-B3BB-1886F3B8573E} = {B5AE8053-C86C-4BB9-B61F-72339A892B6A}
		{FE9437EA-5B82-BC49-B649-ED321393B7B2} = {B5AE8053-C86C-4BB9-B61F-72339A892B6A}
		{3E283F37-A4ED-41B7-A3E6-A2D89D131A30} = {277BCE53-F5C6-459A-A9D3-60E95E1D399B}
		{B84FF31A-5F9A-46F8-AB22-DBFC9BECE3BE} = {277BCE53-F5C6-459A-A9D3-60E95E1D399B}
		{1738D5F6-ED1E-47E0-B2F0-456864B93C1E} = {277BCE53-F5C6-459A-A9D3-60E95E1D399B}
	EndGlobalSection
EndGlobal
