<?xml version="1.0" encoding="utf-8"?>
<Project ToolsVersion="4.0" xmlns="http://schemas.microsoft.com/developer/msbuild/2003">
  <ItemGroup>
    <Filter Include="Source Files">
      <UniqueIdentifier>{4FC737F1-C7A5-4376-A066-2A32D752A2FF}</UniqueIdentifier>
      <Extensions>cpp;c;cc;cxx;def;odl;idl;hpj;bat;asm;asmx</Extensions>
    </Filter>
    <Filter Include="Header Files">
      <UniqueIdentifier>{93995380-89BD-4b04-88EB-625FBE52EBFB}</UniqueIdentifier>
      <Extensions>h;hh;hpp;hxx;hm;inl;inc;xsd</Extensions>
    </Filter>
    <Filter Include="Source Files\Resource Files">
      <UniqueIdentifier>{67DA6AB6-F800-4c08-8B7A-83BB121AAD01}</UniqueIdentifier>
      <Extensions>rc;ico;cur;bmp;dlg;rc2;rct;bin;rgs;gif;jpg;jpeg;jpe;resx;tiff;tif;png;wav;mfcribbon-ms</Extensions>
    </Filter>
  </ItemGroup>
  <ItemGroup>
    <None Include="packages.config" />
  </ItemGroup>
  <ItemGroup>
    <ClCompile Include="Globals.cpp">
      <Filter>Source Files</Filter>
    </ClCompile>
    <ClCompile Include="main.cpp">
      <Filter>Source Files</Filter>
    </ClCompile>
    <ClCompile Include="Window.cpp">
      <Filter>Source Files</Filter>
    </ClCompile>
    <ClCompile Include="Game\AnimationTree.cpp">
      <Filter>Source Files</Filter>
    </ClCompile>
    <ClCompile Include="Game\BoneInfo.cpp">
      <Filter>Source Files</Filter>
    </ClCompile>
    <ClCompile Include="Game\Cube.cpp">
      <Filter>Source Files</Filter>
    </ClCompile>
    <ClCompile Include="Game\Cubemap.cpp">
      <Filter>Source Files</Filter>
    </ClCompile>
    <ClCompile Include="Game\Hat.cpp">
      <Filter>Source Files</Filter>
    </ClCompile>
    <ClCompile Include="Game\Player.cpp">
      <Filter>Source Files</Filter>
    </ClCompile>
    <ClCompile Include="Game\Skybox.cpp">
      <Filter>Source Files</Filter>
    </ClCompile>
    <ClCompile Include="Game\World.cpp">
      <Filter>Source Files</Filter>
    </ClCompile>
    <ClCompile Include="Graphics\Camera.cpp">
      <Filter>Source Files</Filter>
    </ClCompile>
    <ClCompile Include="Graphics\Camera_Original.cpp">
      <Filter>Source Files</Filter>
    </ClCompile>
    <ClCompile Include="Graphics\Drawable.cpp">
      <Filter>Source Files</Filter>
    </ClCompile>
    <ClCompile Include="Graphics\DrawData.cpp">
      <Filter>Source Files</Filter>
    </ClCompile>
    <ClCompile Include="Graphics\LightShader.cpp">
      <Filter>Source Files</Filter>
    </ClCompile>
    <ClCompile Include="Graphics\Shader.cpp">
      <Filter>Source Files</Filter>
    </ClCompile>
    <ClCompile Include="Graphics\UpdateData.cpp">
      <Filter>Source Files</Filter>
    </ClCompile>
    <ClCompile Include="Game\PlayerModel.cpp">
      <Filter>Source Files</Filter>
    </ClCompile>
    <ClCompile Include="GameObjects.cpp">
      <Filter>Source Files</Filter>
    </ClCompile>
    <ClCompile Include="MessageHandler.cpp">
      <Filter>Source Files</Filter>
    </ClCompile>
    <ClCompile Include="Graphics\GuiItem.cpp">
      <Filter>Source Files</Filter>
    </ClCompile>
    <ClCompile Include="Game\PlayerAnim.cpp">
      <Filter>Source Files</Filter>
    </ClCompile>
    <ClCompile Include="Game\Model.cpp">
      <Filter>Source Files</Filter>
    </ClCompile>
    <ClCompile Include="Game\Mesh.cpp">
      <Filter>Source Files</Filter>
    </ClCompile>
    <ClCompile Include="Game\SGeode.cpp">
      <Filter>Source Files</Filter>
    </ClCompile>
    <ClCompile Include="Game\SGroup.cpp">
      <Filter>Source Files</Filter>
    </ClCompile>
    <ClCompile Include="Game\SMatrixTransform.cpp">
      <Filter>Source Files</Filter>
    </ClCompile>
    <ClCompile Include="Game\SNode.cpp">
      <Filter>Source Files</Filter>
    </ClCompile>
    <ClCompile Include="Graphics\GUIText.cpp">
      <Filter>Source Files</Filter>
    </ClCompile>
    <ClCompile Include="Graphics\PlayerGameGUI.cpp">
      <Filter>Source Files</Filter>
    </ClCompile>
    <ClCompile Include="Graphics\HealthBarGUI.cpp">
      <Filter>Source Files</Filter>
    </ClCompile>
    <ClCompile Include="Graphics\LivesGUI.cpp">
      <Filter>Source Files</Filter>
    </ClCompile>
    <ClCompile Include="Game\Clouds.cpp">
      <Filter>Source Files</Filter>
    </ClCompile>
    <ClCompile Include="Game\PlayerMesh.cpp">
      <Filter>Source Files</Filter>
    </ClCompile>
    <ClCompile Include="SoundEngine.cpp">
      <Filter>Source Files</Filter>
    </ClCompile>
    <ClCompile Include="Game\AnimModel.cpp">
      <Filter>Source Files</Filter>
    </ClCompile>
    <ClCompile Include="Graphics\ReadyGUI.cpp">
      <Filter>Source Files</Filter>
    </ClCompile>
  </ItemGroup>
  <ItemGroup>
    <ClInclude Include="Globals.h">
      <Filter>Header Files</Filter>
    </ClInclude>
    <ClInclude Include="Window.h">
      <Filter>Header Files</Filter>
    </ClInclude>
    <ClInclude Include="Game\AnimationTree.h">
      <Filter>Header Files</Filter>
    </ClInclude>
    <ClInclude Include="Game\BoneInfo.h">
      <Filter>Header Files</Filter>
    </ClInclude>
    <ClInclude Include="Game\Cube.h">
      <Filter>Header Files</Filter>
    </ClInclude>
    <ClInclude Include="Game\Cubemap.h">
      <Filter>Header Files</Filter>
    </ClInclude>
    <ClInclude Include="Game\Hat.h">
      <Filter>Header Files</Filter>
    </ClInclude>
    <ClInclude Include="Game\Player.h">
      <Filter>Header Files</Filter>
    </ClInclude>
    <ClInclude Include="Game\Skybox.h">
      <Filter>Header Files</Filter>
    </ClInclude>
    <ClInclude Include="Game\World.h">
      <Filter>Header Files</Filter>
    </ClInclude>
    <ClInclude Include="Graphics\Camera.h">
      <Filter>Header Files</Filter>
    </ClInclude>
    <ClInclude Include="Graphics\Camera_Original.h">
      <Filter>Header Files</Filter>
    </ClInclude>
    <ClInclude Include="Graphics\Drawable.h">
      <Filter>Header Files</Filter>
    </ClInclude>
    <ClInclude Include="Graphics\DrawData.h">
      <Filter>Header Files</Filter>
    </ClInclude>
    <ClInclude Include="Graphics\LightShader.h">
      <Filter>Header Files</Filter>
    </ClInclude>
    <ClInclude Include="Graphics\Shader.h">
      <Filter>Header Files</Filter>
    </ClInclude>
    <ClInclude Include="Graphics\UpdateData.h">
      <Filter>Header Files</Filter>
    </ClInclude>
    <ClInclude Include="Game\PlayerModel.h">
      <Filter>Header Files</Filter>
    </ClInclude>
    <ClInclude Include="State.h">
      <Filter>Header Files</Filter>
    </ClInclude>
    <ClInclude Include="GameObjects.h">
      <Filter>Header Files</Filter>
    </ClInclude>
    <ClInclude Include="MessageHandler.h">
      <Filter>Header Files</Filter>
    </ClInclude>
    <ClInclude Include="Graphics\GuiItem.h">
      <Filter>Header Files</Filter>
    </ClInclude>
    <ClInclude Include="Game\PlayerAnim.h">
      <Filter>Header Files</Filter>
    </ClInclude>
    <ClInclude Include="Game\Model.h">
      <Filter>Header Files</Filter>
    </ClInclude>
    <ClInclude Include="Game\Mesh.h">
      <Filter>Header Files</Filter>
    </ClInclude>
    <ClInclude Include="Game\SGeode.h">
      <Filter>Header Files</Filter>
    </ClInclude>
    <ClInclude Include="Game\SGroup.h">
      <Filter>Header Files</Filter>
    </ClInclude>
    <ClInclude Include="Game\SMatrixTransform.h">
      <Filter>Header Files</Filter>
    </ClInclude>
    <ClInclude Include="Game\SNode.h">
      <Filter>Header Files</Filter>
    </ClInclude>
    <ClInclude Include="Game\Clouds.h">
      <Filter>Header Files</Filter>
    </ClInclude>
    <ClInclude Include="Game\PlayerMesh.h">
      <Filter>Header Files</Filter>
    </ClInclude>
    <ClInclude Include="Graphics\GUIText.h">
      <Filter>Header Files</Filter>
    </ClInclude>
    <ClInclude Include="Graphics\PlayerGameGUI.h">
      <Filter>Header Files</Filter>
    </ClInclude>
    <ClInclude Include="Graphics\HealthBarGUI.h">
      <Filter>Header Files</Filter>
    </ClInclude>
    <ClInclude Include="Graphics\LivesGUI.h">
      <Filter>Header Files</Filter>
    </ClInclude>
    <ClInclude Include="SoundEngine.h">
      <Filter>Header Files</Filter>
    </ClInclude>
    <ClInclude Include="Game\AnimModel.h">
      <Filter>Header Files</Filter>
    </ClInclude>
    <ClInclude Include="Graphics\ReadyGUI.h">
      <Filter>Header Files</Filter>
    </ClInclude>
  </ItemGroup>
</Project>